
Microsoft Visual Studio Solution File, Format Version 12.00
# Visual Studio 15
VisualStudioVersion = 15.0.27428.2037
MinimumVisualStudioVersion = 10.0.40219.1
Project("{FAE04EC0-301F-11D3-BF4B-00C04F79EFBC}") = "annoyingAd", "annoyingAd\annoyingAd.csproj", "{2C24174C-9FFD-4B6C-BFA6-191D28A7719D}"
EndProject
Global
	GlobalSection(SolutionConfigurationPlatforms) = preSolution
		Debug|Any CPU = Debug|Any CPU
		Release|Any CPU = Release|Any CPU
	EndGlobalSection
	GlobalSection(ProjectConfigurationPlatforms) = postSolution
		{2C24174C-9FFD-4B6C-BFA6-191D28A7719D}.Debug|Any CPU.ActiveCfg = Debug|Any CPU
		{2C24174C-9FFD-4B6C-BFA6-191D28A7719D}.Debug|Any CPU.Build.0 = Debug|Any CPU
		{2C24174C-9FFD-4B6C-BFA6-191D28A7719D}.Release|Any CPU.ActiveCfg = Release|Any CPU
		{2C24174C-9FFD-4B6C-BFA6-191D28A7719D}.Release|Any CPU.Build.0 = Release|Any CPU
	EndGlobalSection
	GlobalSection(SolutionProperties) = preSolution
		HideSolutionNode = FALSE
	EndGlobalSection
	GlobalSection(ExtensibilityGlobals) = postSolution
		SolutionGuid = {7AEAB603-9FB2-4C24-B806-8F1F99564724}
	EndGlobalSection
EndGlobal
